// !$*UTF8*$!
{
	archiveVersion = 1;
	classes = {
	};
	objectVersion = 50;
	objects = {

/* Begin PBXBuildFile section */
		A562B7D921E3AC37007DA178 /* Favorite.swift in Sources */ = {isa = PBXBuildFile; fileRef = A562B7D821E3AC37007DA178 /* Favorite.swift */; };
		A562B7DB21E3ACAE007DA178 /* AppError.swift in Sources */ = {isa = PBXBuildFile; fileRef = A562B7DA21E3ACAE007DA178 /* AppError.swift */; };
		A562B7DD21E3AD0C007DA178 /* LibraryAPIClient.swift in Sources */ = {isa = PBXBuildFile; fileRef = A562B7DC21E3AD0C007DA178 /* LibraryAPIClient.swift */; };
		A562B7DF21E3B103007DA178 /* NetworkHelper.swift in Sources */ = {isa = PBXBuildFile; fileRef = A562B7DE21E3B103007DA178 /* NetworkHelper.swift */; };
		A57FF5EC21C307D300DC7775 /* QueensDetailViewController.swift in Sources */ = {isa = PBXBuildFile; fileRef = A57FF5EB21C307D300DC7775 /* QueensDetailViewController.swift */; };
		A57FF60021C46D9300DC7775 /* BrooklynDetailViewController.swift in Sources */ = {isa = PBXBuildFile; fileRef = A57FF5FF21C46D9300DC7775 /* BrooklynDetailViewController.swift */; };
		A57FF60221C46FE800DC7775 /* BrooklynLibraryData.swift in Sources */ = {isa = PBXBuildFile; fileRef = A57FF60121C46FE800DC7775 /* BrooklynLibraryData.swift */; };
		A5B92CE021C9A1E900CF4F39 /* BrooklynLibraryTableViewCell.swift in Sources */ = {isa = PBXBuildFile; fileRef = A5B92CDF21C9A1E900CF4F39 /* BrooklynLibraryTableViewCell.swift */; };
		A5DF929321C0796300E6F9D0 /* AppDelegate.swift in Sources */ = {isa = PBXBuildFile; fileRef = A5DF929221C0796300E6F9D0 /* AppDelegate.swift */; };
		A5DF929521C0796300E6F9D0 /* QueensLibraryViewController.swift in Sources */ = {isa = PBXBuildFile; fileRef = A5DF929421C0796300E6F9D0 /* QueensLibraryViewController.swift */; };
		A5DF929821C0796300E6F9D0 /* Main.storyboard in Resources */ = {isa = PBXBuildFile; fileRef = A5DF929621C0796300E6F9D0 /* Main.storyboard */; };
		A5DF929A21C0796600E6F9D0 /* Assets.xcassets in Resources */ = {isa = PBXBuildFile; fileRef = A5DF929921C0796600E6F9D0 /* Assets.xcassets */; };
		A5DF929D21C0796600E6F9D0 /* LaunchScreen.storyboard in Resources */ = {isa = PBXBuildFile; fileRef = A5DF929B21C0796600E6F9D0 /* LaunchScreen.storyboard */; };
		A5DF92A521C07B3700E6F9D0 /* QueensLibraryAPI.swift in Sources */ = {isa = PBXBuildFile; fileRef = A5DF92A421C07B3700E6F9D0 /* QueensLibraryAPI.swift */; };
		A5DF92A721C07B4000E6F9D0 /* BrooklynLibraryAPI.swift in Sources */ = {isa = PBXBuildFile; fileRef = A5DF92A621C07B4000E6F9D0 /* BrooklynLibraryAPI.swift */; };
		A5DF92AB21C07D6900E6F9D0 /* QueensLibraryData.swift in Sources */ = {isa = PBXBuildFile; fileRef = A5DF92AA21C07D6900E6F9D0 /* QueensLibraryData.swift */; };
		A5DF92AF21C07EF400E6F9D0 /* BrooklynLibraryViewController.swift in Sources */ = {isa = PBXBuildFile; fileRef = A5DF92AE21C07EF400E6F9D0 /* BrooklynLibraryViewController.swift */; };
		A5EB798F21C8555600CCD037 /* QueensLibraryTableCell.swift in Sources */ = {isa = PBXBuildFile; fileRef = A5EB798E21C8555600CCD037 /* QueensLibraryTableCell.swift */; };
/* End PBXBuildFile section */

/* Begin PBXFileReference section */
		A562B7D821E3AC37007DA178 /* Favorite.swift */ = {isa = PBXFileReference; lastKnownFileType = sourcecode.swift; path = Favorite.swift; sourceTree = "<group>"; };
		A562B7DA21E3ACAE007DA178 /* AppError.swift */ = {isa = PBXFileReference; lastKnownFileType = sourcecode.swift; path = AppError.swift; sourceTree = "<group>"; };
		A562B7DC21E3AD0C007DA178 /* LibraryAPIClient.swift */ = {isa = PBXFileReference; lastKnownFileType = sourcecode.swift; path = LibraryAPIClient.swift; sourceTree = "<group>"; };
		A562B7DE21E3B103007DA178 /* NetworkHelper.swift */ = {isa = PBXFileReference; lastKnownFileType = sourcecode.swift; path = NetworkHelper.swift; sourceTree = "<group>"; };
		A57FF5EB21C307D300DC7775 /* QueensDetailViewController.swift */ = {isa = PBXFileReference; lastKnownFileType = sourcecode.swift; path = QueensDetailViewController.swift; sourceTree = "<group>"; };
		A57FF5FF21C46D9300DC7775 /* BrooklynDetailViewController.swift */ = {isa = PBXFileReference; lastKnownFileType = sourcecode.swift; path = BrooklynDetailViewController.swift; sourceTree = "<group>"; };
		A57FF60121C46FE800DC7775 /* BrooklynLibraryData.swift */ = {isa = PBXFileReference; lastKnownFileType = sourcecode.swift; path = BrooklynLibraryData.swift; sourceTree = "<group>"; };
		A5B92CDF21C9A1E900CF4F39 /* BrooklynLibraryTableViewCell.swift */ = {isa = PBXFileReference; lastKnownFileType = sourcecode.swift; path = BrooklynLibraryTableViewCell.swift; sourceTree = "<group>"; };
		A5DF928F21C0796300E6F9D0 /* NYCPublicLibraryApp.app */ = {isa = PBXFileReference; explicitFileType = wrapper.application; includeInIndex = 0; path = NYCPublicLibraryApp.app; sourceTree = BUILT_PRODUCTS_DIR; };
		A5DF929221C0796300E6F9D0 /* AppDelegate.swift */ = {isa = PBXFileReference; lastKnownFileType = sourcecode.swift; path = AppDelegate.swift; sourceTree = "<group>"; };
		A5DF929421C0796300E6F9D0 /* QueensLibraryViewController.swift */ = {isa = PBXFileReference; lastKnownFileType = sourcecode.swift; path = QueensLibraryViewController.swift; sourceTree = "<group>"; };
		A5DF929721C0796300E6F9D0 /* Base */ = {isa = PBXFileReference; lastKnownFileType = file.storyboard; name = Base; path = Base.lproj/Main.storyboard; sourceTree = "<group>"; };
		A5DF929921C0796600E6F9D0 /* Assets.xcassets */ = {isa = PBXFileReference; lastKnownFileType = folder.assetcatalog; path = Assets.xcassets; sourceTree = "<group>"; };
		A5DF929C21C0796600E6F9D0 /* Base */ = {isa = PBXFileReference; lastKnownFileType = file.storyboard; name = Base; path = Base.lproj/LaunchScreen.storyboard; sourceTree = "<group>"; };
		A5DF929E21C0796600E6F9D0 /* Info.plist */ = {isa = PBXFileReference; lastKnownFileType = text.plist.xml; path = Info.plist; sourceTree = "<group>"; };
		A5DF92A421C07B3700E6F9D0 /* QueensLibraryAPI.swift */ = {isa = PBXFileReference; lastKnownFileType = sourcecode.swift; path = QueensLibraryAPI.swift; sourceTree = "<group>"; };
		A5DF92A621C07B4000E6F9D0 /* BrooklynLibraryAPI.swift */ = {isa = PBXFileReference; lastKnownFileType = sourcecode.swift; path = BrooklynLibraryAPI.swift; sourceTree = "<group>"; };
		A5DF92AA21C07D6900E6F9D0 /* QueensLibraryData.swift */ = {isa = PBXFileReference; lastKnownFileType = sourcecode.swift; path = QueensLibraryData.swift; sourceTree = "<group>"; };
		A5DF92AE21C07EF400E6F9D0 /* BrooklynLibraryViewController.swift */ = {isa = PBXFileReference; lastKnownFileType = sourcecode.swift; path = BrooklynLibraryViewController.swift; sourceTree = "<group>"; };
		A5EB798E21C8555600CCD037 /* QueensLibraryTableCell.swift */ = {isa = PBXFileReference; lastKnownFileType = sourcecode.swift; path = QueensLibraryTableCell.swift; sourceTree = "<group>"; };
/* End PBXFileReference section */

/* Begin PBXFrameworksBuildPhase section */
		A5DF928C21C0796300E6F9D0 /* Frameworks */ = {
			isa = PBXFrameworksBuildPhase;
			buildActionMask = 2147483647;
			files = (
			);
			runOnlyForDeploymentPostprocessing = 0;
		};
/* End PBXFrameworksBuildPhase section */

/* Begin PBXGroup section */
		A57FF60521C471AB00DC7775 /* Network */ = {
			isa = PBXGroup;
			children = (
				A562B7DA21E3ACAE007DA178 /* AppError.swift */,
				A5DF92A421C07B3700E6F9D0 /* QueensLibraryAPI.swift */,
				A5DF92A621C07B4000E6F9D0 /* BrooklynLibraryAPI.swift */,
				A562B7DC21E3AD0C007DA178 /* LibraryAPIClient.swift */,
				A562B7DE21E3B103007DA178 /* NetworkHelper.swift */,
			);
			path = Network;
			sourceTree = "<group>";
		};
		A57FF60621C471B700DC7775 /* Model */ = {
			isa = PBXGroup;
			children = (
				A57FF60121C46FE800DC7775 /* BrooklynLibraryData.swift */,
				A5DF92AA21C07D6900E6F9D0 /* QueensLibraryData.swift */,
				A5B92CDF21C9A1E900CF4F39 /* BrooklynLibraryTableViewCell.swift */,
				A5EB798E21C8555600CCD037 /* QueensLibraryTableCell.swift */,
				A562B7D821E3AC37007DA178 /* Favorite.swift */,
			);
			path = Model;
			sourceTree = "<group>";
		};
		A57FF60721C471C900DC7775 /* View */ = {
			isa = PBXGroup;
			children = (
				A5DF92AE21C07EF400E6F9D0 /* BrooklynLibraryViewController.swift */,
				A5DF929421C0796300E6F9D0 /* QueensLibraryViewController.swift */,
				A57FF5FF21C46D9300DC7775 /* BrooklynDetailViewController.swift */,
				A57FF5EB21C307D300DC7775 /* QueensDetailViewController.swift */,
			);
			path = View;
			sourceTree = "<group>";
		};
		A5DF928621C0796300E6F9D0 = {
			isa = PBXGroup;
			children = (
				A5DF929121C0796300E6F9D0 /* NYCPublicLibraryApp */,
				A5DF929021C0796300E6F9D0 /* Products */,
			);
			sourceTree = "<group>";
		};
		A5DF929021C0796300E6F9D0 /* Products */ = {
			isa = PBXGroup;
			children = (
				A5DF928F21C0796300E6F9D0 /* NYCPublicLibraryApp.app */,
			);
			name = Products;
			sourceTree = "<group>";
		};
		A5DF929121C0796300E6F9D0 /* NYCPublicLibraryApp */ = {
			isa = PBXGroup;
			children = (
				A5DF929621C0796300E6F9D0 /* Main.storyboard */,
				A57FF60521C471AB00DC7775 /* Network */,
				A57FF60621C471B700DC7775 /* Model */,
				A57FF60721C471C900DC7775 /* View */,
				A5DF929221C0796300E6F9D0 /* AppDelegate.swift */,
				A5DF929921C0796600E6F9D0 /* Assets.xcassets */,
				A5DF929B21C0796600E6F9D0 /* LaunchScreen.storyboard */,
				A5DF929E21C0796600E6F9D0 /* Info.plist */,
			);
			path = NYCPublicLibraryApp;
			sourceTree = "<group>";
		};
/* End PBXGroup section */

/* Begin PBXNativeTarget section */
		A5DF928E21C0796300E6F9D0 /* NYCPublicLibraryApp */ = {
			isa = PBXNativeTarget;
			buildConfigurationList = A5DF92A121C0796600E6F9D0 /* Build configuration list for PBXNativeTarget "NYCPublicLibraryApp" */;
			buildPhases = (
				A5DF928B21C0796300E6F9D0 /* Sources */,
				A5DF928C21C0796300E6F9D0 /* Frameworks */,
				A5DF928D21C0796300E6F9D0 /* Resources */,
			);
			buildRules = (
			);
			dependencies = (
			);
			name = NYCPublicLibraryApp;
			productName = NYCPublicLibraryApp;
			productReference = A5DF928F21C0796300E6F9D0 /* NYCPublicLibraryApp.app */;
			productType = "com.apple.product-type.application";
		};
/* End PBXNativeTarget section */

/* Begin PBXProject section */
		A5DF928721C0796300E6F9D0 /* Project object */ = {
			isa = PBXProject;
			attributes = {
				LastSwiftUpdateCheck = 1010;
				LastUpgradeCheck = 1010;
				ORGANIZATIONNAME = "Jane Zhu";
				TargetAttributes = {
					A5DF928E21C0796300E6F9D0 = {
						CreatedOnToolsVersion = 10.1;
					};
				};
			};
			buildConfigurationList = A5DF928A21C0796300E6F9D0 /* Build configuration list for PBXProject "NYCPublicLibraryApp" */;
			compatibilityVersion = "Xcode 9.3";
			developmentRegion = en;
			hasScannedForEncodings = 0;
			knownRegions = (
				en,
				Base,
			);
			mainGroup = A5DF928621C0796300E6F9D0;
			productRefGroup = A5DF929021C0796300E6F9D0 /* Products */;
			projectDirPath = "";
			projectRoot = "";
			targets = (
				A5DF928E21C0796300E6F9D0 /* NYCPublicLibraryApp */,
			);
		};
/* End PBXProject section */

/* Begin PBXResourcesBuildPhase section */
		A5DF928D21C0796300E6F9D0 /* Resources */ = {
			isa = PBXResourcesBuildPhase;
			buildActionMask = 2147483647;
			files = (
				A5DF929D21C0796600E6F9D0 /* LaunchScreen.storyboard in Resources */,
				A5DF929A21C0796600E6F9D0 /* Assets.xcassets in Resources */,
				A5DF929821C0796300E6F9D0 /* Main.storyboard in Resources */,
			);
			runOnlyForDeploymentPostprocessing = 0;
		};
/* End PBXResourcesBuildPhase section */

/* Begin PBXSourcesBuildPhase section */
		A5DF928B21C0796300E6F9D0 /* Sources */ = {
			isa = PBXSourcesBuildPhase;
			buildActionMask = 2147483647;
			files = (
				A5DF92AB21C07D6900E6F9D0 /* QueensLibraryData.swift in Sources */,
				A5DF92AF21C07EF400E6F9D0 /* BrooklynLibraryViewController.swift in Sources */,
				A5DF92A521C07B3700E6F9D0 /* QueensLibraryAPI.swift in Sources */,
				A562B7DD21E3AD0C007DA178 /* LibraryAPIClient.swift in Sources */,
				A5DF929521C0796300E6F9D0 /* QueensLibraryViewController.swift in Sources */,
				A562B7DB21E3ACAE007DA178 /* AppError.swift in Sources */,
				A57FF60021C46D9300DC7775 /* BrooklynDetailViewController.swift in Sources */,
				A562B7DF21E3B103007DA178 /* NetworkHelper.swift in Sources */,
				A5DF92A721C07B4000E6F9D0 /* BrooklynLibraryAPI.swift in Sources */,
				A57FF5EC21C307D300DC7775 /* QueensDetailViewController.swift in Sources */,
				A5B92CE021C9A1E900CF4F39 /* BrooklynLibraryTableViewCell.swift in Sources */,
				A5EB798F21C8555600CCD037 /* QueensLibraryTableCell.swift in Sources */,
				A562B7D921E3AC37007DA178 /* Favorite.swift in Sources */,
				A57FF60221C46FE800DC7775 /* BrooklynLibraryData.swift in Sources */,
				A5DF929321C0796300E6F9D0 /* AppDelegate.swift in Sources */,
			);
			runOnlyForDeploymentPostprocessing = 0;
		};
/* End PBXSourcesBuildPhase section */

/* Begin PBXVariantGroup section */
		A5DF929621C0796300E6F9D0 /* Main.storyboard */ = {
			isa = PBXVariantGroup;
			children = (
				A5DF929721C0796300E6F9D0 /* Base */,
			);
			name = Main.storyboard;
			sourceTree = "<group>";
		};
		A5DF929B21C0796600E6F9D0 /* LaunchScreen.storyboard */ = {
			isa = PBXVariantGroup;
			children = (
				A5DF929C21C0796600E6F9D0 /* Base */,
			);
			name = LaunchScreen.storyboard;
			sourceTree = "<group>";
		};
/* End PBXVariantGroup section */

/* Begin XCBuildConfiguration section */
		A5DF929F21C0796600E6F9D0 /* Debug */ = {
			isa = XCBuildConfiguration;
			buildSettings = {
				ALWAYS_SEARCH_USER_PATHS = NO;
				CLANG_ANALYZER_NONNULL = YES;
				CLANG_ANALYZER_NUMBER_OBJECT_CONVERSION = YES_AGGRESSIVE;
				CLANG_CXX_LANGUAGE_STANDARD = "gnu++14";
				CLANG_CXX_LIBRARY = "libc++";
				CLANG_ENABLE_MODULES = YES;
				CLANG_ENABLE_OBJC_ARC = YES;
				CLANG_ENABLE_OBJC_WEAK = YES;
				CLANG_WARN_BLOCK_CAPTURE_AUTORELEASING = YES;
				CLANG_WARN_BOOL_CONVERSION = YES;
				CLANG_WARN_COMMA = YES;
				CLANG_WARN_CONSTANT_CONVERSION = YES;
				CLANG_WARN_DEPRECATED_OBJC_IMPLEMENTATIONS = YES;
				CLANG_WARN_DIRECT_OBJC_ISA_USAGE = YES_ERROR;
				CLANG_WARN_DOCUMENTATION_COMMENTS = YES;
				CLANG_WARN_EMPTY_BODY = YES;
				CLANG_WARN_ENUM_CONVERSION = YES;
				CLANG_WARN_INFINITE_RECURSION = YES;
				CLANG_WARN_INT_CONVERSION = YES;
				CLANG_WARN_NON_LITERAL_NULL_CONVERSION = YES;
				CLANG_WARN_OBJC_IMPLICIT_RETAIN_SELF = YES;
				CLANG_WARN_OBJC_LITERAL_CONVERSION = YES;
				CLANG_WARN_OBJC_ROOT_CLASS = YES_ERROR;
				CLANG_WARN_RANGE_LOOP_ANALYSIS = YES;
				CLANG_WARN_STRICT_PROTOTYPES = YES;
				CLANG_WARN_SUSPICIOUS_MOVE = YES;
				CLANG_WARN_UNGUARDED_AVAILABILITY = YES_AGGRESSIVE;
				CLANG_WARN_UNREACHABLE_CODE = YES;
				CLANG_WARN__DUPLICATE_METHOD_MATCH = YES;
				CODE_SIGN_IDENTITY = "iPhone Developer";
				COPY_PHASE_STRIP = NO;
				DEBUG_INFORMATION_FORMAT = dwarf;
				ENABLE_STRICT_OBJC_MSGSEND = YES;
				ENABLE_TESTABILITY = YES;
				GCC_C_LANGUAGE_STANDARD = gnu11;
				GCC_DYNAMIC_NO_PIC = NO;
				GCC_NO_COMMON_BLOCKS = YES;
				GCC_OPTIMIZATION_LEVEL = 0;
				GCC_PREPROCESSOR_DEFINITIONS = (
					"DEBUG=1",
					"$(inherited)",
				);
				GCC_WARN_64_TO_32_BIT_CONVERSION = YES;
				GCC_WARN_ABOUT_RETURN_TYPE = YES_ERROR;
				GCC_WARN_UNDECLARED_SELECTOR = YES;
				GCC_WARN_UNINITIALIZED_AUTOS = YES_AGGRESSIVE;
				GCC_WARN_UNUSED_FUNCTION = YES;
				GCC_WARN_UNUSED_VARIABLE = YES;
				IPHONEOS_DEPLOYMENT_TARGET = 12.1;
				MTL_ENABLE_DEBUG_INFO = INCLUDE_SOURCE;
				MTL_FAST_MATH = YES;
				ONLY_ACTIVE_ARCH = YES;
				SDKROOT = iphoneos;
				SWIFT_ACTIVE_COMPILATION_CONDITIONS = DEBUG;
				SWIFT_OPTIMIZATION_LEVEL = "-Onone";
			};
			name = Debug;
		};
		A5DF92A021C0796600E6F9D0 /* Release */ = {
			isa = XCBuildConfiguration;
			buildSettings = {
				ALWAYS_SEARCH_USER_PATHS = NO;
				CLANG_ANALYZER_NONNULL = YES;
				CLANG_ANALYZER_NUMBER_OBJECT_CONVERSION = YES_AGGRESSIVE;
				CLANG_CXX_LANGUAGE_STANDARD = "gnu++14";
				CLANG_CXX_LIBRARY = "libc++";
				CLANG_ENABLE_MODULES = YES;
				CLANG_ENABLE_OBJC_ARC = YES;
				CLANG_ENABLE_OBJC_WEAK = YES;
				CLANG_WARN_BLOCK_CAPTURE_AUTORELEASING = YES;
				CLANG_WARN_BOOL_CONVERSION = YES;
				CLANG_WARN_COMMA = YES;
				CLANG_WARN_CONSTANT_CONVERSION = YES;
				CLANG_WARN_DEPRECATED_OBJC_IMPLEMENTATIONS = YES;
				CLANG_WARN_DIRECT_OBJC_ISA_USAGE = YES_ERROR;
				CLANG_WARN_DOCUMENTATION_COMMENTS = YES;
				CLANG_WARN_EMPTY_BODY = YES;
				CLANG_WARN_ENUM_CONVERSION = YES;
				CLANG_WARN_INFINITE_RECURSION = YES;
				CLANG_WARN_INT_CONVERSION = YES;
				CLANG_WARN_NON_LITERAL_NULL_CONVERSION = YES;
				CLANG_WARN_OBJC_IMPLICIT_RETAIN_SELF = YES;
				CLANG_WARN_OBJC_LITERAL_CONVERSION = YES;
				CLANG_WARN_OBJC_ROOT_CLASS = YES_ERROR;
				CLANG_WARN_RANGE_LOOP_ANALYSIS = YES;
				CLANG_WARN_STRICT_PROTOTYPES = YES;
				CLANG_WARN_SUSPICIOUS_MOVE = YES;
				CLANG_WARN_UNGUARDED_AVAILABILITY = YES_AGGRESSIVE;
				CLANG_WARN_UNREACHABLE_CODE = YES;
				CLANG_WARN__DUPLICATE_METHOD_MATCH = YES;
				CODE_SIGN_IDENTITY = "iPhone Developer";
				COPY_PHASE_STRIP = NO;
				DEBUG_INFORMATION_FORMAT = "dwarf-with-dsym";
				ENABLE_NS_ASSERTIONS = NO;
				ENABLE_STRICT_OBJC_MSGSEND = YES;
				GCC_C_LANGUAGE_STANDARD = gnu11;
				GCC_NO_COMMON_BLOCKS = YES;
				GCC_WARN_64_TO_32_BIT_CONVERSION = YES;
				GCC_WARN_ABOUT_RETURN_TYPE = YES_ERROR;
				GCC_WARN_UNDECLARED_SELECTOR = YES;
				GCC_WARN_UNINITIALIZED_AUTOS = YES_AGGRESSIVE;
				GCC_WARN_UNUSED_FUNCTION = YES;
				GCC_WARN_UNUSED_VARIABLE = YES;
				IPHONEOS_DEPLOYMENT_TARGET = 12.1;
				MTL_ENABLE_DEBUG_INFO = NO;
				MTL_FAST_MATH = YES;
				SDKROOT = iphoneos;
				SWIFT_COMPILATION_MODE = wholemodule;
				SWIFT_OPTIMIZATION_LEVEL = "-O";
				VALIDATE_PRODUCT = YES;
			};
			name = Release;
		};
		A5DF92A221C0796600E6F9D0 /* Debug */ = {
			isa = XCBuildConfiguration;
			buildSettings = {
				ASSETCATALOG_COMPILER_APPICON_NAME = AppIcon;
				CODE_SIGN_STYLE = Automatic;
				DEVELOPMENT_TEAM = WGF5N989LK;
				INFOPLIST_FILE = NYCPublicLibraryApp/Info.plist;
				LD_RUNPATH_SEARCH_PATHS = (
					"$(inherited)",
					"@executable_path/Frameworks",
				);
				PRODUCT_BUNDLE_IDENTIFIER = "Jane-Zhu.NYCPublicLibraryApp";
				PRODUCT_NAME = "$(TARGET_NAME)";
				SWIFT_VERSION = 4.2;
				TARGETED_DEVICE_FAMILY = "1,2";
			};
			name = Debug;
		};
		A5DF92A321C0796600E6F9D0 /* Release */ = {
			isa = XCBuildConfiguration;
			buildSettings = {
				ASSETCATALOG_COMPILER_APPICON_NAME = AppIcon;
				CODE_SIGN_STYLE = Automatic;
				DEVELOPMENT_TEAM = WGF5N989LK;
				INFOPLIST_FILE = NYCPublicLibraryApp/Info.plist;
				LD_RUNPATH_SEARCH_PATHS = (
					"$(inherited)",
					"@executable_path/Frameworks",
				);
				PRODUCT_BUNDLE_IDENTIFIER = "Jane-Zhu.NYCPublicLibraryApp";
				PRODUCT_NAME = "$(TARGET_NAME)";
				SWIFT_VERSION = 4.2;
				TARGETED_DEVICE_FAMILY = "1,2";
			};
			name = Release;
		};
/* End XCBuildConfiguration section */

/* Begin XCConfigurationList section */
		A5DF928A21C0796300E6F9D0 /* Build configuration list for PBXProject "NYCPublicLibraryApp" */ = {
			isa = XCConfigurationList;
			buildConfigurations = (
				A5DF929F21C0796600E6F9D0 /* Debug */,
				A5DF92A021C0796600E6F9D0 /* Release */,
			);
			defaultConfigurationIsVisible = 0;
			defaultConfigurationName = Release;
		};
		A5DF92A121C0796600E6F9D0 /* Build configuration list for PBXNativeTarget "NYCPublicLibraryApp" */ = {
			isa = XCConfigurationList;
			buildConfigurations = (
				A5DF92A221C0796600E6F9D0 /* Debug */,
				A5DF92A321C0796600E6F9D0 /* Release */,
			);
			defaultConfigurationIsVisible = 0;
			defaultConfigurationName = Release;
		};
/* End XCConfigurationList section */
	};
	rootObject = A5DF928721C0796300E6F9D0 /* Project object */;
}
